
Microsoft Visual Studio Solution File, Format Version 12.00
# Visual Studio 15
Project("{FAE04EC0-301F-11D3-BF4B-00C04F79EFBC}") = "VuforiaScripts", "VuforiaScripts.csproj", "{BB2B34C7-70CE-E90B-68A1-3C831078F2C9}"
EndProject
Project("{FAE04EC0-301F-11D3-BF4B-00C04F79EFBC}") = "VuforiaEditorScripts", "VuforiaEditorScripts.csproj", "{BE5ED7E0-9F7A-BDF4-E416-F9CB92778F3F}"
EndProject
Global
	GlobalSection(SolutionConfigurationPlatforms) = preSolution
		Debug|Any CPU = Debug|Any CPU
		Release|Any CPU = Release|Any CPU
	EndGlobalSection
	GlobalSection(ProjectConfigurationPlatforms) = postSolution
		{BB2B34C7-70CE-E90B-68A1-3C831078F2C9}.Debug|Any CPU.ActiveCfg = Debug|Any CPU
		{BB2B34C7-70CE-E90B-68A1-3C831078F2C9}.Debug|Any CPU.Build.0 = Debug|Any CPU
		{BB2B34C7-70CE-E90B-68A1-3C831078F2C9}.Release|Any CPU.ActiveCfg = Release|Any CPU
		{BB2B34C7-70CE-E90B-68A1-3C831078F2C9}.Release|Any CPU.Build.0 = Release|Any CPU
		{BE5ED7E0-9F7A-BDF4-E416-F9CB92778F3F}.Debug|Any CPU.ActiveCfg = Debug|Any CPU
		{BE5ED7E0-9F7A-BDF4-E416-F9CB92778F3F}.Debug|Any CPU.Build.0 = Debug|Any CPU
		{BE5ED7E0-9F7A-BDF4-E416-F9CB92778F3F}.Release|Any CPU.ActiveCfg = Release|Any CPU
		{BE5ED7E0-9F7A-BDF4-E416-F9CB92778F3F}.Release|Any CPU.Build.0 = Release|Any CPU
	EndGlobalSection
	GlobalSection(SolutionProperties) = preSolution
		HideSolutionNode = FALSE
	EndGlobalSection
EndGlobal
